<?xml version="1.0" encoding="utf-8"?>
<Project ToolsVersion="4.0" xmlns="http://schemas.microsoft.com/developer/msbuild/2003">
  <ItemGroup>
    <Filter Include="소스 파일">
      <UniqueIdentifier>{4FC737F1-C7A5-4376-A066-2A32D752A2FF}</UniqueIdentifier>
      <Extensions>cpp;c;cc;cxx;def;odl;idl;hpj;bat;asm;asmx</Extensions>
    </Filter>
    <Filter Include="헤더 파일">
      <UniqueIdentifier>{93995380-89BD-4b04-88EB-625FBE52EBFB}</UniqueIdentifier>
      <Extensions>h;hh;hpp;hxx;hm;inl;inc;ipp;xsd</Extensions>
    </Filter>
    <Filter Include="리소스 파일">
      <UniqueIdentifier>{67DA6AB6-F800-4c08-8B7A-83BB121AAD01}</UniqueIdentifier>
      <Extensions>rc;ico;cur;bmp;dlg;rc2;rct;bin;rgs;gif;jpg;jpeg;jpe;resx;tiff;tif;png;wav;mfcribbon-ms</Extensions>
    </Filter>
    <Filter Include="소스 파일\System">
      <UniqueIdentifier>{61be2667-2467-467a-996d-ec254b5fa5d3}</UniqueIdentifier>
    </Filter>
    <Filter Include="소스 파일\System\Input">
      <UniqueIdentifier>{aa9435b0-7ae5-493a-9dd9-41d90f067ff8}</UniqueIdentifier>
    </Filter>
    <Filter Include="소스 파일\System\Graphic">
      <UniqueIdentifier>{7a2a09cc-7758-48f9-b336-624f6ac91e22}</UniqueIdentifier>
    </Filter>
    <Filter Include="소스 파일\System\Graphic\Direct3D">
      <UniqueIdentifier>{7548fc40-96fe-4a4c-8bb4-73761a6dc849}</UniqueIdentifier>
    </Filter>
    <Filter Include="소스 파일\System\Actor">
      <UniqueIdentifier>{8b40e01b-6218-441f-94fb-f9508e1e2ec0}</UniqueIdentifier>
    </Filter>
    <Filter Include="소스 파일\System\Actor\Player">
      <UniqueIdentifier>{db1a2fc2-c602-4a46-a907-db4ed2ac2680}</UniqueIdentifier>
    </Filter>
    <Filter Include="소스 파일\System\Actor\Enemy">
      <UniqueIdentifier>{edc85e60-a7c8-4a7d-b3ae-2f2a8edeea87}</UniqueIdentifier>
    </Filter>
  </ItemGroup>
  <ItemGroup>
    <ClCompile Include="SystemClass.cpp">
      <Filter>소스 파일\System</Filter>
    </ClCompile>
    <ClCompile Include="InputClass.cpp">
      <Filter>소스 파일\System\Input</Filter>
    </ClCompile>
    <ClCompile Include="GraphicClass.cpp">
      <Filter>소스 파일\System\Graphic</Filter>
    </ClCompile>
    <ClCompile Include="main.cpp">
      <Filter>소스 파일</Filter>
    </ClCompile>
    <ClCompile Include="D3DXClass.cpp">
      <Filter>소스 파일\System\Graphic\Direct3D</Filter>
    </ClCompile>
    <ClCompile Include="ActorClass.cpp">
      <Filter>소스 파일\System\Actor</Filter>
    </ClCompile>
    <ClCompile Include="EnemyClass.cpp">
      <Filter>소스 파일\System\Actor\Enemy</Filter>
    </ClCompile>
    <ClCompile Include="PlayerClass.cpp">
      <Filter>소스 파일\System\Actor\Player</Filter>
    </ClCompile>
  </ItemGroup>
  <ItemGroup>
    <ClInclude Include="SystemClass.h">
      <Filter>소스 파일\System</Filter>
    </ClInclude>
    <ClInclude Include="InputClass.h">
      <Filter>소스 파일\System\Input</Filter>
    </ClInclude>
    <ClInclude Include="GraphicClass.h">
      <Filter>소스 파일\System\Graphic</Filter>
    </ClInclude>
    <ClInclude Include="D3DXHeader.h">
      <Filter>헤더 파일</Filter>
    </ClInclude>
    <ClInclude Include="D3DXClass.h">
      <Filter>소스 파일\System\Graphic\Direct3D</Filter>
    </ClInclude>
    <ClInclude Include="ActorClass.h">
      <Filter>소스 파일\System\Actor</Filter>
    </ClInclude>
    <ClInclude Include="EnemyClass.h">
      <Filter>소스 파일\System\Actor\Enemy</Filter>
    </ClInclude>
    <ClInclude Include="PlayerClass.h">
      <Filter>소스 파일\System\Actor\Player</Filter>
    </ClInclude>
  </ItemGroup>
</Project>